
Microsoft Visual Studio Solution File, Format Version 12.00
# Visual Studio Version 17
VisualStudioVersion = 17.9.34607.119
MinimumVisualStudioVersion = 10.0.40219.1
Project("{FAE04EC0-301F-11D3-BF4B-00C04F79EFBC}") = "AkademikAPI", "AkademikAPI\AkademikAPI.csproj", "{127DEE61-370F-4F72-843B-34860C0B1761}"
EndProject
Global
	GlobalSection(SolutionConfigurationPlatforms) = preSolution
		Debug|Any CPU = Debug|Any CPU
		Release|Any CPU = Release|Any CPU
	EndGlobalSection
	GlobalSection(ProjectConfigurationPlatforms) = postSolution
		{127DEE61-370F-4F72-843B-34860C0B1761}.Debug|Any CPU.ActiveCfg = Debug|Any CPU
		{127DEE61-370F-4F72-843B-34860C0B1761}.Debug|Any CPU.Build.0 = Debug|Any CPU
		{127DEE61-370F-4F72-843B-34860C0B1761}.Release|Any CPU.ActiveCfg = Release|Any CPU
		{127DEE61-370F-4F72-843B-34860C0B1761}.Release|Any CPU.Build.0 = Release|Any CPU
	EndGlobalSection
	GlobalSection(SolutionProperties) = preSolution
		HideSolutionNode = FALSE
	EndGlobalSection
	GlobalSection(ExtensibilityGlobals) = postSolution
		SolutionGuid = {7F5D72EA-D9EA-4C3D-8929-2CD8C8AEDE76}
	EndGlobalSection
EndGlobal
